// !$*UTF8*$!
{
	archiveVersion = 1;
	classes = {
	};
	objectVersion = 55;
	objects = {

/* Begin PBXBuildFile section */
		0F06EE6B2806366700770031 /* CleethApp.swift in Sources */ = {isa = PBXBuildFile; fileRef = 0F06EE6A2806366700770031 /* CleethApp.swift */; };
		0F06EE6D2806366700770031 /* RootView.swift in Sources */ = {isa = PBXBuildFile; fileRef = 0F06EE6C2806366700770031 /* RootView.swift */; };
		0F06EE6F2806366D00770031 /* Assets.xcassets in Resources */ = {isa = PBXBuildFile; fileRef = 0F06EE6E2806366D00770031 /* Assets.xcassets */; };
		0F23B2B02AD2ED49007D2BC0 /* BackgroundView.swift in Sources */ = {isa = PBXBuildFile; fileRef = 0F23B2AF2AD2ED49007D2BC0 /* BackgroundView.swift */; };
		0F2E8F2129A036F400C68D69 /* NotificationsView.swift in Sources */ = {isa = PBXBuildFile; fileRef = 0F2E8F2029A036F400C68D69 /* NotificationsView.swift */; };
		0F46EED32B35F6230018F474 /* OnboardingView.swift in Sources */ = {isa = PBXBuildFile; fileRef = 0F46EED22B35F6230018F474 /* OnboardingView.swift */; };
		0F794D69299E6A4300B0FC0A /* HomeView.swift in Sources */ = {isa = PBXBuildFile; fileRef = 0F794D68299E6A4300B0FC0A /* HomeView.swift */; };
		0F794D6B299E6ABA00B0FC0A /* StatisticsView.swift in Sources */ = {isa = PBXBuildFile; fileRef = 0F794D6A299E6ABA00B0FC0A /* StatisticsView.swift */; };
		0F794D6D299E6ACA00B0FC0A /* SettingsView.swift in Sources */ = {isa = PBXBuildFile; fileRef = 0F794D6C299E6ACA00B0FC0A /* SettingsView.swift */; };
		0FC6FE0C2AD6F80C002E5E9B /* TeethStructure.swift in Sources */ = {isa = PBXBuildFile; fileRef = 0FC6FE0B2AD6F80C002E5E9B /* TeethStructure.swift */; };
		0FD0AD6B2B0B81A100565501 /* AboutView.swift in Sources */ = {isa = PBXBuildFile; fileRef = 0FD0AD6A2B0B81A100565501 /* AboutView.swift */; };
		0FD1E5CD2B0BDC44007638AD /* PrivacyPolicyView.swift in Sources */ = {isa = PBXBuildFile; fileRef = 0FD1E5CC2B0BDC44007638AD /* PrivacyPolicyView.swift */; };
		603CEF812FB5319B0037FE2D /* OnboardingPage.swift in Sources */ = {isa = PBXBuildFile; fileRef = 603CEF802FB5319B0037FE2D /* OnboardingPage.swift */; };
		603CEF832FB531D20037FE2D /* Localizable.xcstrings in Resources */ = {isa = PBXBuildFile; fileRef = 603CEF822FB531D20037FE2D /* Localizable.xcstrings */; };
		606237F92FB4181300B6B104 /* ComposableArchitecture in Frameworks */ = {isa = PBXBuildFile; productRef = 606237F82FB4181300B6B104 /* ComposableArchitecture */; };
		606237FB2FB41D4300B6B104 /* OnboardingReducer.swift in Sources */ = {isa = PBXBuildFile; fileRef = 606237FA2FB41D4000B6B104 /* OnboardingReducer.swift */; };
		606237FD2FB41D4C00B6B104 /* StatisticsReducer.swift in Sources */ = {isa = PBXBuildFile; fileRef = 606237FC2FB41D4900B6B104 /* StatisticsReducer.swift */; };
		606238062FB4202500B6B104 /* LayoutSpacing.swift in Sources */ = {isa = PBXBuildFile; fileRef = 606238052FB41FF900B6B104 /* LayoutSpacing.swift */; };
		60A264D52FB5646600BA9F1C /* NotificationsReducer.swift in Sources */ = {isa = PBXBuildFile; fileRef = 60A264D42FB5646600BA9F1C /* NotificationsReducer.swift */; };
		60A264D62FB5646600BA9F1C /* NotificationsService.swift in Sources */ = {isa = PBXBuildFile; fileRef = 60A264D32FB5646600BA9F1C /* NotificationsService.swift */; };
		60A264D82FB5650700BA9F1C /* NotificationsService+Dependency.swift in Sources */ = {isa = PBXBuildFile; fileRef = 60A264D72FB5650200BA9F1C /* NotificationsService+Dependency.swift */; };
		60A264DC2FB5770700BA9F1C /* CalendarService.swift in Sources */ = {isa = PBXBuildFile; fileRef = 60A264DA2FB5770700BA9F1C /* CalendarService.swift */; };
		60A264DD2FB5770700BA9F1C /* CalendarService+Dependency.swift in Sources */ = {isa = PBXBuildFile; fileRef = 60A264DB2FB5770700BA9F1C /* CalendarService+Dependency.swift */; };
		60A264E02FB5771600BA9F1C /* RemindersService+Dependency.swift in Sources */ = {isa = PBXBuildFile; fileRef = 60A264DF2FB5771600BA9F1C /* RemindersService+Dependency.swift */; };
		60A264E12FB5771600BA9F1C /* RemindersService.swift in Sources */ = {isa = PBXBuildFile; fileRef = 60A264DE2FB5771600BA9F1C /* RemindersService.swift */; };
		60A264E92FB57F4500BA9F1C /* CalendarView.swift in Sources */ = {isa = PBXBuildFile; fileRef = 60A264E82FB57F4500BA9F1C /* CalendarView.swift */; };
		60A264EA2FB57F4500BA9F1C /* CalendarReducer.swift in Sources */ = {isa = PBXBuildFile; fileRef = 60A264E72FB57F4500BA9F1C /* CalendarReducer.swift */; };
		60A264F12FB57F6F00BA9F1C /* RemindersReducer.swift in Sources */ = {isa = PBXBuildFile; fileRef = 60A264EE2FB57F6F00BA9F1C /* RemindersReducer.swift */; };
		60A264F22FB57F6F00BA9F1C /* RemindersView.swift in Sources */ = {isa = PBXBuildFile; fileRef = 60A264EF2FB57F6F00BA9F1C /* RemindersView.swift */; };
		60A264FD2FB585A400BA9F1C /* AccessibilityView.swift in Sources */ = {isa = PBXBuildFile; fileRef = 60A264FB2FB585A400BA9F1C /* AccessibilityView.swift */; };
		60A265032FB585B300BA9F1C /* CloudView.swift in Sources */ = {isa = PBXBuildFile; fileRef = 60A265012FB585B300BA9F1C /* CloudView.swift */; };
		60A265062FB585BB00BA9F1C /* LanguageView.swift in Sources */ = {isa = PBXBuildFile; fileRef = 60A265042FB585BB00BA9F1C /* LanguageView.swift */; };
		60A265092FB585C000BA9F1C /* TermsOfUseView.swift in Sources */ = {isa = PBXBuildFile; fileRef = 60A265072FB585C000BA9F1C /* TermsOfUseView.swift */; };
		60A2650C2FB585C600BA9F1C /* MusicView.swift in Sources */ = {isa = PBXBuildFile; fileRef = 60A2650A2FB585C600BA9F1C /* MusicView.swift */; };
		AA000001AAAA00001234AA01 /* HomeReducer.swift in Sources */ = {isa = PBXBuildFile; fileRef = AA000002AAAA00001234AA01 /* HomeReducer.swift */; };
		AA000003AAAA00001234AA01 /* AppReducer.swift in Sources */ = {isa = PBXBuildFile; fileRef = AA000004AAAA00001234AA01 /* AppReducer.swift */; };
/* End PBXBuildFile section */

/* Begin PBXFileReference section */
		0F06EE672806366700770031 /* Cleeth.app */ = {isa = PBXFileReference; explicitFileType = wrapper.application; includeInIndex = 0; path = Cleeth.app; sourceTree = BUILT_PRODUCTS_DIR; };
		0F06EE6A2806366700770031 /* CleethApp.swift */ = {isa = PBXFileReference; lastKnownFileType = sourcecode.swift; path = CleethApp.swift; sourceTree = "<group>"; };
		0F06EE6C2806366700770031 /* RootView.swift */ = {isa = PBXFileReference; lastKnownFileType = sourcecode.swift; path = RootView.swift; sourceTree = "<group>"; };
		0F06EE6E2806366D00770031 /* Assets.xcassets */ = {isa = PBXFileReference; lastKnownFileType = folder.assetcatalog; path = Assets.xcassets; sourceTree = "<group>"; };
		0F23B2AF2AD2ED49007D2BC0 /* BackgroundView.swift */ = {isa = PBXFileReference; lastKnownFileType = sourcecode.swift; path = BackgroundView.swift; sourceTree = "<group>"; };
		0F23B2B42AD2EDD2007D2BC0 /* Cleeth.entitlements */ = {isa = PBXFileReference; lastKnownFileType = text.plist.entitlements; path = Cleeth.entitlements; sourceTree = "<group>"; };
		0F2E8F2029A036F400C68D69 /* NotificationsView.swift */ = {isa = PBXFileReference; lastKnownFileType = sourcecode.swift; path = NotificationsView.swift; sourceTree = "<group>"; };
		0F46EED22B35F6230018F474 /* OnboardingView.swift */ = {isa = PBXFileReference; lastKnownFileType = sourcecode.swift; path = OnboardingView.swift; sourceTree = "<group>"; };
		0F794D68299E6A4300B0FC0A /* HomeView.swift */ = {isa = PBXFileReference; lastKnownFileType = sourcecode.swift; path = HomeView.swift; sourceTree = "<group>"; };
		0F794D6A299E6ABA00B0FC0A /* StatisticsView.swift */ = {isa = PBXFileReference; lastKnownFileType = sourcecode.swift; path = StatisticsView.swift; sourceTree = "<group>"; };
		0F794D6C299E6ACA00B0FC0A /* SettingsView.swift */ = {isa = PBXFileReference; lastKnownFileType = sourcecode.swift; path = SettingsView.swift; sourceTree = "<group>"; };
		0FC6FE0B2AD6F80C002E5E9B /* TeethStructure.swift */ = {isa = PBXFileReference; lastKnownFileType = sourcecode.swift; path = TeethStructure.swift; sourceTree = "<group>"; };
		0FD0AD6A2B0B81A100565501 /* AboutView.swift */ = {isa = PBXFileReference; lastKnownFileType = sourcecode.swift; path = AboutView.swift; sourceTree = "<group>"; };
		0FD1E5CC2B0BDC44007638AD /* PrivacyPolicyView.swift */ = {isa = PBXFileReference; lastKnownFileType = sourcecode.swift; path = PrivacyPolicyView.swift; sourceTree = "<group>"; };
		0FDE54442B0A2C0700FA4D5B /* Info.plist */ = {isa = PBXFileReference; lastKnownFileType = text.plist.xml; path = Info.plist; sourceTree = "<group>"; };
		603CEF802FB5319B0037FE2D /* OnboardingPage.swift */ = {isa = PBXFileReference; lastKnownFileType = sourcecode.swift; path = OnboardingPage.swift; sourceTree = "<group>"; };
		603CEF822FB531D20037FE2D /* Localizable.xcstrings */ = {isa = PBXFileReference; lastKnownFileType = text.json.xcstrings; path = Localizable.xcstrings; sourceTree = "<group>"; };
		606237FA2FB41D4000B6B104 /* OnboardingReducer.swift */ = {isa = PBXFileReference; lastKnownFileType = sourcecode.swift; path = OnboardingReducer.swift; sourceTree = "<group>"; };
		606237FC2FB41D4900B6B104 /* StatisticsReducer.swift */ = {isa = PBXFileReference; lastKnownFileType = sourcecode.swift; path = StatisticsReducer.swift; sourceTree = "<group>"; };
		606238052FB41FF900B6B104 /* LayoutSpacing.swift */ = {isa = PBXFileReference; lastKnownFileType = sourcecode.swift; path = LayoutSpacing.swift; sourceTree = "<group>"; };
		60A264D32FB5646600BA9F1C /* NotificationsService.swift */ = {isa = PBXFileReference; lastKnownFileType = sourcecode.swift; path = NotificationsService.swift; sourceTree = "<group>"; };
		60A264D42FB5646600BA9F1C /* NotificationsReducer.swift */ = {isa = PBXFileReference; lastKnownFileType = sourcecode.swift; path = NotificationsReducer.swift; sourceTree = "<group>"; };
		60A264D72FB5650200BA9F1C /* NotificationsService+Dependency.swift */ = {isa = PBXFileReference; lastKnownFileType = sourcecode.swift; path = "NotificationsService+Dependency.swift"; sourceTree = "<group>"; };
		60A264DA2FB5770700BA9F1C /* CalendarService.swift */ = {isa = PBXFileReference; lastKnownFileType = sourcecode.swift; path = CalendarService.swift; sourceTree = "<group>"; };
		60A264DB2FB5770700BA9F1C /* CalendarService+Dependency.swift */ = {isa = PBXFileReference; lastKnownFileType = sourcecode.swift; path = "CalendarService+Dependency.swift"; sourceTree = "<group>"; };
		60A264DE2FB5771600BA9F1C /* RemindersService.swift */ = {isa = PBXFileReference; lastKnownFileType = sourcecode.swift; path = RemindersService.swift; sourceTree = "<group>"; };
		60A264DF2FB5771600BA9F1C /* RemindersService+Dependency.swift */ = {isa = PBXFileReference; lastKnownFileType = sourcecode.swift; path = "RemindersService+Dependency.swift"; sourceTree = "<group>"; };
		60A264E72FB57F4500BA9F1C /* CalendarReducer.swift */ = {isa = PBXFileReference; lastKnownFileType = sourcecode.swift; path = CalendarReducer.swift; sourceTree = "<group>"; };
		60A264E82FB57F4500BA9F1C /* CalendarView.swift */ = {isa = PBXFileReference; lastKnownFileType = sourcecode.swift; path = CalendarView.swift; sourceTree = "<group>"; };
		60A264EE2FB57F6F00BA9F1C /* RemindersReducer.swift */ = {isa = PBXFileReference; lastKnownFileType = sourcecode.swift; path = RemindersReducer.swift; sourceTree = "<group>"; };
		60A264EF2FB57F6F00BA9F1C /* RemindersView.swift */ = {isa = PBXFileReference; lastKnownFileType = sourcecode.swift; path = RemindersView.swift; sourceTree = "<group>"; };
		60A264FB2FB585A400BA9F1C /* AccessibilityView.swift */ = {isa = PBXFileReference; lastKnownFileType = sourcecode.swift; path = AccessibilityView.swift; sourceTree = "<group>"; };
		60A265012FB585B300BA9F1C /* CloudView.swift */ = {isa = PBXFileReference; lastKnownFileType = sourcecode.swift; path = CloudView.swift; sourceTree = "<group>"; };
		60A265042FB585BB00BA9F1C /* LanguageView.swift */ = {isa = PBXFileReference; lastKnownFileType = sourcecode.swift; path = LanguageView.swift; sourceTree = "<group>"; };
		60A265072FB585C000BA9F1C /* TermsOfUseView.swift */ = {isa = PBXFileReference; lastKnownFileType = sourcecode.swift; path = TermsOfUseView.swift; sourceTree = "<group>"; };
		60A2650A2FB585C600BA9F1C /* MusicView.swift */ = {isa = PBXFileReference; lastKnownFileType = sourcecode.swift; path = MusicView.swift; sourceTree = "<group>"; };
		AA000002AAAA00001234AA01 /* HomeReducer.swift */ = {isa = PBXFileReference; lastKnownFileType = sourcecode.swift; path = HomeReducer.swift; sourceTree = "<group>"; };
		AA000004AAAA00001234AA01 /* AppReducer.swift */ = {isa = PBXFileReference; lastKnownFileType = sourcecode.swift; path = AppReducer.swift; sourceTree = "<group>"; };
/* End PBXFileReference section */

/* Begin PBXFrameworksBuildPhase section */
		0F06EE642806366700770031 /* Frameworks */ = {
			isa = PBXFrameworksBuildPhase;
			buildActionMask = 2147483647;
			files = (
				606237F92FB4181300B6B104 /* ComposableArchitecture in Frameworks */,
			);
			runOnlyForDeploymentPostprocessing = 0;
		};
/* End PBXFrameworksBuildPhase section */

/* Begin PBXGroup section */
		0F06EE5E2806366700770031 = {
			isa = PBXGroup;
			children = (
				0F06EE692806366700770031 /* Cleeth */,
				0F06EE682806366700770031 /* Products */,
			);
			sourceTree = "<group>";
		};
		0F06EE682806366700770031 /* Products */ = {
			isa = PBXGroup;
			children = (
				0F06EE672806366700770031 /* Cleeth.app */,
			);
			name = Products;
			sourceTree = "<group>";
		};
		0F06EE692806366700770031 /* Cleeth */ = {
			isa = PBXGroup;
			children = (
				603CEF852FB535FC0037FE2D /* Root */,
				603CEF842FB5348B0037FE2D /* Resources */,
				603CEF7F2FB526530037FE2D /* Utilities */,
				0F23B2B22AD2ED65007D2BC0 /* Statistics */,
				0F23B2B12AD2ED51007D2BC0 /* Home */,
				0F23B2B32AD2ED74007D2BC0 /* Settings */,
			);
			path = Cleeth;
			sourceTree = "<group>";
		};
		0F23B2B12AD2ED51007D2BC0 /* Home */ = {
			isa = PBXGroup;
			children = (
				0F23B2AF2AD2ED49007D2BC0 /* BackgroundView.swift */,
				0FC6FE0B2AD6F80C002E5E9B /* TeethStructure.swift */,
				0F794D68299E6A4300B0FC0A /* HomeView.swift */,
				AA000002AAAA00001234AA01 /* HomeReducer.swift */,
			);
			path = Home;
			sourceTree = "<group>";
		};
		0F23B2B22AD2ED65007D2BC0 /* Statistics */ = {
			isa = PBXGroup;
			children = (
				606237FC2FB41D4900B6B104 /* StatisticsReducer.swift */,
				0F794D6A299E6ABA00B0FC0A /* StatisticsView.swift */,
			);
			path = Statistics;
			sourceTree = "<group>";
		};
		0F23B2B32AD2ED74007D2BC0 /* Settings */ = {
			isa = PBXGroup;
			children = (
				60A2650F2FB5877700BA9F1C /* Options */,
				60A265102FB587B100BA9F1C /* Preferences */,
				60A265082FB585C000BA9F1C /* Legal */,
				0F794D6C299E6ACA00B0FC0A /* SettingsView.swift */,
			);
			path = Settings;
			sourceTree = "<group>";
		};
		0F46EED42B35F62B0018F474 /* Onboarding */ = {
			isa = PBXGroup;
			children = (
				603CEF802FB5319B0037FE2D /* OnboardingPage.swift */,
				606237FA2FB41D4000B6B104 /* OnboardingReducer.swift */,
				0F46EED22B35F6230018F474 /* OnboardingView.swift */,
			);
			path = Onboarding;
			sourceTree = "<group>";
		};
		603CEF7F2FB526530037FE2D /* Utilities */ = {
			isa = PBXGroup;
			children = (
				606238052FB41FF900B6B104 /* LayoutSpacing.swift */,
			);
			path = Utilities;
			sourceTree = "<group>";
		};
		603CEF842FB5348B0037FE2D /* Resources */ = {
			isa = PBXGroup;
			children = (
				0F23B2B42AD2EDD2007D2BC0 /* Cleeth.entitlements */,
				0FDE54442B0A2C0700FA4D5B /* Info.plist */,
				0F06EE6E2806366D00770031 /* Assets.xcassets */,
				603CEF822FB531D20037FE2D /* Localizable.xcstrings */,
			);
			path = Resources;
			sourceTree = "<group>";
		};
		603CEF852FB535FC0037FE2D /* Root */ = {
			isa = PBXGroup;
			children = (
				0F46EED42B35F62B0018F474 /* Onboarding */,
				0F06EE6A2806366700770031 /* CleethApp.swift */,
				0F06EE6C2806366700770031 /* RootView.swift */,
				AA000004AAAA00001234AA01 /* AppReducer.swift */,
			);
			path = Root;
			sourceTree = "<group>";
		};
		606238022FB41D8200B6B104 /* Notifications */ = {
			isa = PBXGroup;
			children = (
				60A264D92FB568DE00BA9F1C /* Service */,
				60A264D42FB5646600BA9F1C /* NotificationsReducer.swift */,
				0F2E8F2029A036F400C68D69 /* NotificationsView.swift */,
			);
			path = Notifications;
			sourceTree = "<group>";
		};
		60A264D22FB5612D00BA9F1C /* Service */ = {
			isa = PBXGroup;
			children = (
				60A264DE2FB5771600BA9F1C /* RemindersService.swift */,
				60A264DF2FB5771600BA9F1C /* RemindersService+Dependency.swift */,
			);
			path = Service;
			sourceTree = "<group>";
		};
		60A264D92FB568DE00BA9F1C /* Service */ = {
			isa = PBXGroup;
			children = (
				60A264D72FB5650200BA9F1C /* NotificationsService+Dependency.swift */,
				60A264D32FB5646600BA9F1C /* NotificationsService.swift */,
			);
			path = Service;
			sourceTree = "<group>";
		};
		60A264F02FB57F6F00BA9F1C /* Reminders */ = {
			isa = PBXGroup;
			children = (
				60A264D22FB5612D00BA9F1C /* Service */,
				60A264EE2FB57F6F00BA9F1C /* RemindersReducer.swift */,
				60A264EF2FB57F6F00BA9F1C /* RemindersView.swift */,
			);
			path = Reminders;
			sourceTree = "<group>";
		};
		60A264F32FB57F7B00BA9F1C /* Calendar */ = {
			isa = PBXGroup;
			children = (
				60A264F42FB57F8B00BA9F1C /* Service */,
				60A264E72FB57F4500BA9F1C /* CalendarReducer.swift */,
				60A264E82FB57F4500BA9F1C /* CalendarView.swift */,
			);
			path = Calendar;
			sourceTree = "<group>";
		};
		60A264F42FB57F8B00BA9F1C /* Service */ = {
			isa = PBXGroup;
			children = (
				60A264DA2FB5770700BA9F1C /* CalendarService.swift */,
				60A264DB2FB5770700BA9F1C /* CalendarService+Dependency.swift */,
			);
			path = Service;
			sourceTree = "<group>";
		};
		60A264FC2FB585A400BA9F1C /* Accessibility */ = {
			isa = PBXGroup;
			children = (
				60A264FB2FB585A400BA9F1C /* AccessibilityView.swift */,
			);
			path = Accessibility;
			sourceTree = "<group>";
		};
		60A265022FB585B300BA9F1C /* Cloud */ = {
			isa = PBXGroup;
			children = (
				60A265012FB585B300BA9F1C /* CloudView.swift */,
			);
			path = Cloud;
			sourceTree = "<group>";
		};
		60A265052FB585BB00BA9F1C /* Language */ = {
			isa = PBXGroup;
			children = (
				60A265042FB585BB00BA9F1C /* LanguageView.swift */,
			);
			path = Language;
			sourceTree = "<group>";
		};
		60A265082FB585C000BA9F1C /* Legal */ = {
			isa = PBXGroup;
			children = (
				60A265072FB585C000BA9F1C /* TermsOfUseView.swift */,
				0FD1E5CC2B0BDC44007638AD /* PrivacyPolicyView.swift */,
				0FD0AD6A2B0B81A100565501 /* AboutView.swift */,
			);
			path = Legal;
			sourceTree = "<group>";
		};
		60A2650B2FB585C600BA9F1C /* Music */ = {
			isa = PBXGroup;
			children = (
				60A2650A2FB585C600BA9F1C /* MusicView.swift */,
			);
			path = Music;
			sourceTree = "<group>";
		};
		60A2650F2FB5877700BA9F1C /* Options */ = {
			isa = PBXGroup;
			children = (
				606238022FB41D8200B6B104 /* Notifications */,
				60A264F32FB57F7B00BA9F1C /* Calendar */,
				60A264F02FB57F6F00BA9F1C /* Reminders */,
				60A265022FB585B300BA9F1C /* Cloud */,
				60A2650B2FB585C600BA9F1C /* Music */,
			);
			path = Options;
			sourceTree = "<group>";
		};
		60A265102FB587B100BA9F1C /* Preferences */ = {
			isa = PBXGroup;
			children = (
				60A264FC2FB585A400BA9F1C /* Accessibility */,
				60A265052FB585BB00BA9F1C /* Language */,
			);
			path = Preferences;
			sourceTree = "<group>";
		};
/* End PBXGroup section */

/* Begin PBXNativeTarget section */
		0F06EE662806366700770031 /* Cleeth */ = {
			isa = PBXNativeTarget;
			buildConfigurationList = 0F06EE752806366D00770031 /* Build configuration list for PBXNativeTarget "Cleeth" */;
			buildPhases = (
				0F06EE782806366D00770031 /* SwiftLint */,
				0F06EE632806366700770031 /* Sources */,
				0F06EE642806366700770031 /* Frameworks */,
				0F06EE652806366700770031 /* Resources */,
			);
			buildRules = (
			);
			dependencies = (
			);
			name = Cleeth;
			productName = Cleeth;
			productReference = 0F06EE672806366700770031 /* Cleeth.app */;
			productType = "com.apple.product-type.application";
		};
/* End PBXNativeTarget section */

/* Begin PBXProject section */
		0F06EE5F2806366700770031 /* Project object */ = {
			isa = PBXProject;
			attributes = {
				BuildIndependentTargetsInParallel = 1;
				LastSwiftUpdateCheck = 1330;
				LastUpgradeCheck = 2650;
				TargetAttributes = {
					0F06EE662806366700770031 = {
						CreatedOnToolsVersion = 13.3;
					};
				};
			};
			buildConfigurationList = 0F06EE622806366700770031 /* Build configuration list for PBXProject "Cleeth" */;
			compatibilityVersion = "Xcode 13.0";
			developmentRegion = en;
			hasScannedForEncodings = 0;
			knownRegions = (
				en,
				Base,
				"pt-BR",
				"pt-PT",
				"es-419",
				es,
				fr,
				it,
			);
			mainGroup = 0F06EE5E2806366700770031;
			packageReferences = (
				606237F72FB4181300B6B104 /* XCRemoteSwiftPackageReference "swift-composable-architecture" */,
			);
			productRefGroup = 0F06EE682806366700770031 /* Products */;
			projectDirPath = "";
			projectRoot = "";
			targets = (
				0F06EE662806366700770031 /* Cleeth */,
			);
		};
/* End PBXProject section */

/* Begin PBXResourcesBuildPhase section */
		0F06EE652806366700770031 /* Resources */ = {
			isa = PBXResourcesBuildPhase;
			buildActionMask = 2147483647;
			files = (
				0F06EE6F2806366D00770031 /* Assets.xcassets in Resources */,
				603CEF832FB531D20037FE2D /* Localizable.xcstrings in Resources */,
			);
			runOnlyForDeploymentPostprocessing = 0;
		};
/* End PBXResourcesBuildPhase section */

/* Begin PBXShellScriptBuildPhase section */
		0F06EE782806366D00770031 /* SwiftLint */ = {
			isa = PBXShellScriptBuildPhase;
			alwaysOutOfDate = 1;
			buildActionMask = 2147483647;
			files = (
			);
			inputFileListPaths = (
			);
			inputPaths = (
			);
			name = SwiftLint;
			outputFileListPaths = (
			);
			outputPaths = (
			);
			runOnlyForDeploymentPostprocessing = 0;
			shellPath = /bin/sh;
			shellScript = "if which swiftlint > /dev/null; then\n  swiftlint\nelse\n  echo \"warning: SwiftLint not installed, download from https://github.com/realm/SwiftLint\"\nfi\n";
		};
/* End PBXShellScriptBuildPhase section */

/* Begin PBXSourcesBuildPhase section */
		0F06EE632806366700770031 /* Sources */ = {
			isa = PBXSourcesBuildPhase;
			buildActionMask = 2147483647;
			files = (
				0FD1E5CD2B0BDC44007638AD /* PrivacyPolicyView.swift in Sources */,
				0FD0AD6B2B0B81A100565501 /* AboutView.swift in Sources */,
				60A264D52FB5646600BA9F1C /* NotificationsReducer.swift in Sources */,
				60A265092FB585C000BA9F1C /* TermsOfUseView.swift in Sources */,
				60A264D62FB5646600BA9F1C /* NotificationsService.swift in Sources */,
				60A264D82FB5650700BA9F1C /* NotificationsService+Dependency.swift in Sources */,
				0F794D6D299E6ACA00B0FC0A /* SettingsView.swift in Sources */,
				60A265032FB585B300BA9F1C /* CloudView.swift in Sources */,
				606237FB2FB41D4300B6B104 /* OnboardingReducer.swift in Sources */,
				AA000001AAAA00001234AA01 /* HomeReducer.swift in Sources */,
				AA000003AAAA00001234AA01 /* AppReducer.swift in Sources */,
				0F06EE6D2806366700770031 /* RootView.swift in Sources */,
				0FC6FE0C2AD6F80C002E5E9B /* TeethStructure.swift in Sources */,
				0F794D6B299E6ABA00B0FC0A /* StatisticsView.swift in Sources */,
				60A264F12FB57F6F00BA9F1C /* RemindersReducer.swift in Sources */,
				60A264F22FB57F6F00BA9F1C /* RemindersView.swift in Sources */,
				60A264DC2FB5770700BA9F1C /* CalendarService.swift in Sources */,
				60A264E02FB5771600BA9F1C /* RemindersService+Dependency.swift in Sources */,
				60A264E92FB57F4500BA9F1C /* CalendarView.swift in Sources */,
				60A264EA2FB57F4500BA9F1C /* CalendarReducer.swift in Sources */,
				60A265062FB585BB00BA9F1C /* LanguageView.swift in Sources */,
				60A264E12FB5771600BA9F1C /* RemindersService.swift in Sources */,
				60A264DD2FB5770700BA9F1C /* CalendarService+Dependency.swift in Sources */,
				0F23B2B02AD2ED49007D2BC0 /* BackgroundView.swift in Sources */,
				0F46EED32B35F6230018F474 /* OnboardingView.swift in Sources */,
				606237FD2FB41D4C00B6B104 /* StatisticsReducer.swift in Sources */,
				0F06EE6B2806366700770031 /* CleethApp.swift in Sources */,
				603CEF812FB5319B0037FE2D /* OnboardingPage.swift in Sources */,
				60A264FD2FB585A400BA9F1C /* AccessibilityView.swift in Sources */,
				0F794D69299E6A4300B0FC0A /* HomeView.swift in Sources */,
				0F2E8F2129A036F400C68D69 /* NotificationsView.swift in Sources */,
				60A2650C2FB585C600BA9F1C /* MusicView.swift in Sources */,
				606238062FB4202500B6B104 /* LayoutSpacing.swift in Sources */,
			);
			runOnlyForDeploymentPostprocessing = 0;
		};
/* End PBXSourcesBuildPhase section */

/* Begin XCBuildConfiguration section */
		0F06EE732806366D00770031 /* Debug */ = {
			isa = XCBuildConfiguration;
			buildSettings = {
				ALWAYS_SEARCH_USER_PATHS = NO;
				ASSETCATALOG_COMPILER_GENERATE_SWIFT_ASSET_SYMBOL_EXTENSIONS = YES;
				CLANG_ANALYZER_LOCALIZABILITY_NONLOCALIZED = YES;
				CLANG_ANALYZER_NONNULL = YES;
				CLANG_ANALYZER_NUMBER_OBJECT_CONVERSION = YES_AGGRESSIVE;
				CLANG_CXX_LANGUAGE_STANDARD = "gnu++17";
				CLANG_ENABLE_MODULES = YES;
				CLANG_ENABLE_OBJC_ARC = YES;
				CLANG_ENABLE_OBJC_WEAK = YES;
				CLANG_WARN_BLOCK_CAPTURE_AUTORELEASING = YES;
				CLANG_WARN_BOOL_CONVERSION = YES;
				CLANG_WARN_COMMA = YES;
				CLANG_WARN_CONSTANT_CONVERSION = YES;
				CLANG_WARN_DEPRECATED_OBJC_IMPLEMENTATIONS = YES;
				CLANG_WARN_DIRECT_OBJC_ISA_USAGE = YES_ERROR;
				CLANG_WARN_DOCUMENTATION_COMMENTS = YES;
				CLANG_WARN_EMPTY_BODY = YES;
				CLANG_WARN_ENUM_CONVERSION = YES;
				CLANG_WARN_INFINITE_RECURSION = YES;
				CLANG_WARN_INT_CONVERSION = YES;
				CLANG_WARN_NON_LITERAL_NULL_CONVERSION = YES;
				CLANG_WARN_OBJC_IMPLICIT_RETAIN_SELF = YES;
				CLANG_WARN_OBJC_LITERAL_CONVERSION = YES;
				CLANG_WARN_OBJC_ROOT_CLASS = YES_ERROR;
				CLANG_WARN_QUOTED_INCLUDE_IN_FRAMEWORK_HEADER = YES;
				CLANG_WARN_RANGE_LOOP_ANALYSIS = YES;
				CLANG_WARN_STRICT_PROTOTYPES = YES;
				CLANG_WARN_SUSPICIOUS_MOVE = YES;
				CLANG_WARN_UNGUARDED_AVAILABILITY = YES_AGGRESSIVE;
				CLANG_WARN_UNREACHABLE_CODE = YES;
				CLANG_WARN__DUPLICATE_METHOD_MATCH = YES;
				COPY_PHASE_STRIP = NO;
				DEBUG_INFORMATION_FORMAT = dwarf;
				DEVELOPMENT_TEAM = 4P65TXXV85;
				ENABLE_STRICT_OBJC_MSGSEND = YES;
				ENABLE_TESTABILITY = YES;
				ENABLE_USER_SCRIPT_SANDBOXING = NO;
				GCC_C_LANGUAGE_STANDARD = gnu11;
				GCC_DYNAMIC_NO_PIC = NO;
				GCC_NO_COMMON_BLOCKS = YES;
				GCC_OPTIMIZATION_LEVEL = 0;
				GCC_PREPROCESSOR_DEFINITIONS = (
					"DEBUG=1",
					"$(inherited)",
				);
				GCC_WARN_64_TO_32_BIT_CONVERSION = YES;
				GCC_WARN_ABOUT_RETURN_TYPE = YES_ERROR;
				GCC_WARN_UNDECLARED_SELECTOR = YES;
				GCC_WARN_UNINITIALIZED_AUTOS = YES_AGGRESSIVE;
				GCC_WARN_UNUSED_FUNCTION = YES;
				GCC_WARN_UNUSED_VARIABLE = YES;
				IPHONEOS_DEPLOYMENT_TARGET = 17.0;
				MTL_ENABLE_DEBUG_INFO = INCLUDE_SOURCE;
				MTL_FAST_MATH = YES;
				ONLY_ACTIVE_ARCH = YES;
				SDKROOT = iphoneos;
				STRING_CATALOG_GENERATE_SYMBOLS = YES;
				SWIFT_ACTIVE_COMPILATION_CONDITIONS = DEBUG;
				SWIFT_DEFAULT_ACTOR_ISOLATION = none;
				SWIFT_OPTIMIZATION_LEVEL = "-Onone";
			};
			name = Debug;
		};
		0F06EE742806366D00770031 /* Release */ = {
			isa = XCBuildConfiguration;
			buildSettings = {
				ALWAYS_SEARCH_USER_PATHS = NO;
				ASSETCATALOG_COMPILER_GENERATE_SWIFT_ASSET_SYMBOL_EXTENSIONS = YES;
				CLANG_ANALYZER_LOCALIZABILITY_NONLOCALIZED = YES;
				CLANG_ANALYZER_NONNULL = YES;
				CLANG_ANALYZER_NUMBER_OBJECT_CONVERSION = YES_AGGRESSIVE;
				CLANG_CXX_LANGUAGE_STANDARD = "gnu++17";
				CLANG_ENABLE_MODULES = YES;
				CLANG_ENABLE_OBJC_ARC = YES;
				CLANG_ENABLE_OBJC_WEAK = YES;
				CLANG_WARN_BLOCK_CAPTURE_AUTORELEASING = YES;
				CLANG_WARN_BOOL_CONVERSION = YES;
				CLANG_WARN_COMMA = YES;
				CLANG_WARN_CONSTANT_CONVERSION = YES;
				CLANG_WARN_DEPRECATED_OBJC_IMPLEMENTATIONS = YES;
				CLANG_WARN_DIRECT_OBJC_ISA_USAGE = YES_ERROR;
				CLANG_WARN_DOCUMENTATION_COMMENTS = YES;
				CLANG_WARN_EMPTY_BODY = YES;
				CLANG_WARN_ENUM_CONVERSION = YES;
				CLANG_WARN_INFINITE_RECURSION = YES;
				CLANG_WARN_INT_CONVERSION = YES;
				CLANG_WARN_NON_LITERAL_NULL_CONVERSION = YES;
				CLANG_WARN_OBJC_IMPLICIT_RETAIN_SELF = YES;
				CLANG_WARN_OBJC_LITERAL_CONVERSION = YES;
				CLANG_WARN_OBJC_ROOT_CLASS = YES_ERROR;
				CLANG_WARN_QUOTED_INCLUDE_IN_FRAMEWORK_HEADER = YES;
				CLANG_WARN_RANGE_LOOP_ANALYSIS = YES;
				CLANG_WARN_STRICT_PROTOTYPES = YES;
				CLANG_WARN_SUSPICIOUS_MOVE = YES;
				CLANG_WARN_UNGUARDED_AVAILABILITY = YES_AGGRESSIVE;
				CLANG_WARN_UNREACHABLE_CODE = YES;
				CLANG_WARN__DUPLICATE_METHOD_MATCH = YES;
				COPY_PHASE_STRIP = NO;
				DEBUG_INFORMATION_FORMAT = "dwarf-with-dsym";
				DEVELOPMENT_TEAM = 4P65TXXV85;
				ENABLE_NS_ASSERTIONS = NO;
				ENABLE_STRICT_OBJC_MSGSEND = YES;
				ENABLE_USER_SCRIPT_SANDBOXING = NO;
				GCC_C_LANGUAGE_STANDARD = gnu11;
				GCC_NO_COMMON_BLOCKS = YES;
				GCC_WARN_64_TO_32_BIT_CONVERSION = YES;
				GCC_WARN_ABOUT_RETURN_TYPE = YES_ERROR;
				GCC_WARN_UNDECLARED_SELECTOR = YES;
				GCC_WARN_UNINITIALIZED_AUTOS = YES_AGGRESSIVE;
				GCC_WARN_UNUSED_FUNCTION = YES;
				GCC_WARN_UNUSED_VARIABLE = YES;
				IPHONEOS_DEPLOYMENT_TARGET = 17.0;
				MTL_ENABLE_DEBUG_INFO = NO;
				MTL_FAST_MATH = YES;
				SDKROOT = iphoneos;
				STRING_CATALOG_GENERATE_SYMBOLS = YES;
				SWIFT_COMPILATION_MODE = wholemodule;
				SWIFT_DEFAULT_ACTOR_ISOLATION = none;
				SWIFT_OPTIMIZATION_LEVEL = "-O";
				VALIDATE_PRODUCT = YES;
			};
			name = Release;
		};
		0F06EE762806366D00770031 /* Debug */ = {
			isa = XCBuildConfiguration;
			buildSettings = {
				ASSETCATALOG_COMPILER_APPICON_NAME = AppIcon;
				ASSETCATALOG_COMPILER_GLOBAL_ACCENT_COLOR_NAME = AccentColor;
				ASSETCATALOG_COMPILER_INCLUDE_ALL_APPICON_ASSETS = NO;
				CODE_SIGN_ENTITLEMENTS = Cleeth/Resources/Cleeth.entitlements;
				CODE_SIGN_STYLE = Automatic;
				CURRENT_PROJECT_VERSION = 1;
				ENABLE_PREVIEWS = YES;
				GENERATE_INFOPLIST_FILE = YES;
				INFOPLIST_FILE = Cleeth/Resources/Info.plist;
				INFOPLIST_KEY_CFBundleDisplayName = Cleeth;
				INFOPLIST_KEY_LSApplicationCategoryType = "public.app-category.healthcare-fitness";
				INFOPLIST_KEY_NSCalendarsUsageDescription = "Please Allow Cleeth to create Calendar Events";
				INFOPLIST_KEY_NSRemindersUsageDescription = "Please Allow Cleeth to create Reminders Events";
				INFOPLIST_KEY_UIApplicationSceneManifest_Generation = YES;
				INFOPLIST_KEY_UIApplicationSupportsIndirectInputEvents = YES;
				INFOPLIST_KEY_UILaunchScreen_Generation = YES;
				INFOPLIST_KEY_UILaunchStoryboardName = Br;
				INFOPLIST_KEY_UIRequiresFullScreen = NO;
				INFOPLIST_KEY_UIStatusBarStyle = "";
				INFOPLIST_KEY_UISupportedInterfaceOrientations = UIInterfaceOrientationPortrait;
				INFOPLIST_KEY_UISupportedInterfaceOrientations_iPad = "UIInterfaceOrientationLandscapeLeft UIInterfaceOrientationLandscapeRight UIInterfaceOrientationPortrait UIInterfaceOrientationPortraitUpsideDown";
				IPHONEOS_DEPLOYMENT_TARGET = 17.0;
				LD_RUNPATH_SEARCH_PATHS = (
					"$(inherited)",
					"@executable_path/Frameworks",
				);
				MARKETING_VERSION = 1.2;
				PRODUCT_BUNDLE_IDENTIFIER = com.matiasariel.Cleeth;
				PRODUCT_NAME = "$(TARGET_NAME)";
				SUPPORTED_PLATFORMS = "iphoneos iphonesimulator";
				SUPPORTS_MACCATALYST = NO;
				SUPPORTS_MAC_DESIGNED_FOR_IPHONE_IPAD = NO;
				SWIFT_EMIT_LOC_STRINGS = YES;
				SWIFT_VERSION = 5.0;
				TARGETED_DEVICE_FAMILY = 1;
			};
			name = Debug;
		};
		0F06EE772806366D00770031 /* Release */ = {
			isa = XCBuildConfiguration;
			buildSettings = {
				ASSETCATALOG_COMPILER_APPICON_NAME = AppIcon;
				ASSETCATALOG_COMPILER_GLOBAL_ACCENT_COLOR_NAME = AccentColor;
				ASSETCATALOG_COMPILER_INCLUDE_ALL_APPICON_ASSETS = NO;
				CODE_SIGN_ENTITLEMENTS = Cleeth/Resources/Cleeth.entitlements;
				CODE_SIGN_STYLE = Automatic;
				CURRENT_PROJECT_VERSION = 1;
				ENABLE_PREVIEWS = YES;
				GENERATE_INFOPLIST_FILE = YES;
				INFOPLIST_FILE = Cleeth/Resources/Info.plist;
				INFOPLIST_KEY_CFBundleDisplayName = Cleeth;
				INFOPLIST_KEY_LSApplicationCategoryType = "public.app-category.healthcare-fitness";
				INFOPLIST_KEY_NSCalendarsUsageDescription = "Please Allow Cleeth to create Calendar Events";
				INFOPLIST_KEY_NSRemindersUsageDescription = "Please Allow Cleeth to create Reminders Events";
				INFOPLIST_KEY_UIApplicationSceneManifest_Generation = YES;
				INFOPLIST_KEY_UIApplicationSupportsIndirectInputEvents = YES;
				INFOPLIST_KEY_UILaunchScreen_Generation = YES;
				INFOPLIST_KEY_UILaunchStoryboardName = Br;
				INFOPLIST_KEY_UIRequiresFullScreen = NO;
				INFOPLIST_KEY_UIStatusBarStyle = "";
				INFOPLIST_KEY_UISupportedInterfaceOrientations = UIInterfaceOrientationPortrait;
				INFOPLIST_KEY_UISupportedInterfaceOrientations_iPad = "UIInterfaceOrientationLandscapeLeft UIInterfaceOrientationLandscapeRight UIInterfaceOrientationPortrait UIInterfaceOrientationPortraitUpsideDown";
				IPHONEOS_DEPLOYMENT_TARGET = 17.0;
				LD_RUNPATH_SEARCH_PATHS = (
					"$(inherited)",
					"@executable_path/Frameworks",
				);
				MARKETING_VERSION = 1.2;
				PRODUCT_BUNDLE_IDENTIFIER = com.matiasariel.Cleeth;
				PRODUCT_NAME = "$(TARGET_NAME)";
				SUPPORTED_PLATFORMS = "iphoneos iphonesimulator";
				SUPPORTS_MACCATALYST = NO;
				SUPPORTS_MAC_DESIGNED_FOR_IPHONE_IPAD = NO;
				SWIFT_EMIT_LOC_STRINGS = YES;
				SWIFT_VERSION = 5.0;
				TARGETED_DEVICE_FAMILY = 1;
			};
			name = Release;
		};
/* End XCBuildConfiguration section */

/* Begin XCConfigurationList section */
		0F06EE622806366700770031 /* Build configuration list for PBXProject "Cleeth" */ = {
			isa = XCConfigurationList;
			buildConfigurations = (
				0F06EE732806366D00770031 /* Debug */,
				0F06EE742806366D00770031 /* Release */,
			);
			defaultConfigurationIsVisible = 0;
			defaultConfigurationName = Release;
		};
		0F06EE752806366D00770031 /* Build configuration list for PBXNativeTarget "Cleeth" */ = {
			isa = XCConfigurationList;
			buildConfigurations = (
				0F06EE762806366D00770031 /* Debug */,
				0F06EE772806366D00770031 /* Release */,
			);
			defaultConfigurationIsVisible = 0;
			defaultConfigurationName = Release;
		};
/* End XCConfigurationList section */

/* Begin XCRemoteSwiftPackageReference section */
		606237F72FB4181300B6B104 /* XCRemoteSwiftPackageReference "swift-composable-architecture" */ = {
			isa = XCRemoteSwiftPackageReference;
			repositoryURL = "https://github.com/pointfreeco/swift-composable-architecture";
			requirement = {
				kind = exactVersion;
				version = 1.25.5;
			};
		};
/* End XCRemoteSwiftPackageReference section */

/* Begin XCSwiftPackageProductDependency section */
		606237F82FB4181300B6B104 /* ComposableArchitecture */ = {
			isa = XCSwiftPackageProductDependency;
			package = 606237F72FB4181300B6B104 /* XCRemoteSwiftPackageReference "swift-composable-architecture" */;
			productName = ComposableArchitecture;
		};
/* End XCSwiftPackageProductDependency section */
	};
	rootObject = 0F06EE5F2806366700770031 /* Project object */;
}
